// !$*UTF8*$!
{
	archiveVersion = 1;
	classes = {
	};
	objectVersion = 56;
	objects = {

/* Begin PBXBuildFile section */
		3E29F99F29F67C3300B4C62D /* AnimalKRApp.swift in Sources */ = {isa = PBXBuildFile; fileRef = 3E29F99E29F67C3300B4C62D /* AnimalKRApp.swift */; };
		3E29F9A129F67C3300B4C62D /* ContentView.swift in Sources */ = {isa = PBXBuildFile; fileRef = 3E29F9A029F67C3300B4C62D /* ContentView.swift */; };
		3E29F9A329F67C3500B4C62D /* Assets.xcassets in Resources */ = {isa = PBXBuildFile; fileRef = 3E29F9A229F67C3500B4C62D /* Assets.xcassets */; };
		3E29F9A629F67C3500B4C62D /* Preview Assets.xcassets in Resources */ = {isa = PBXBuildFile; fileRef = 3E29F9A529F67C3500B4C62D /* Preview Assets.xcassets */; };
		3E29F9B929F6807C00B4C62D /* animals.json in Resources */ = {isa = PBXBuildFile; fileRef = 3E29F9B629F6807C00B4C62D /* animals.json */; };
		3E29F9BA29F6807C00B4C62D /* covers.json in Resources */ = {isa = PBXBuildFile; fileRef = 3E29F9B729F6807C00B4C62D /* covers.json */; };
		3E29F9BB29F6807C00B4C62D /* videos.json in Resources */ = {isa = PBXBuildFile; fileRef = 3E29F9B829F6807C00B4C62D /* videos.json */; };
		3E29F9BD29F6855900B4C62D /* FrameExtension.swift in Sources */ = {isa = PBXBuildFile; fileRef = 3E29F9BC29F6855900B4C62D /* FrameExtension.swift */; };
		3E29F9BF29F6B5AC00B4C62D /* JsonDecodeExtension.swift in Sources */ = {isa = PBXBuildFile; fileRef = 3E29F9BE29F6B5AC00B4C62D /* JsonDecodeExtension.swift */; };
		3E29F9C129F6BA8200B4C62D /* SplashView.swift in Sources */ = {isa = PBXBuildFile; fileRef = 3E29F9C029F6BA8200B4C62D /* SplashView.swift */; };
		3E29F9C329F6BB9000B4C62D /* HomeView.swift in Sources */ = {isa = PBXBuildFile; fileRef = 3E29F9C229F6BB9000B4C62D /* HomeView.swift */; };
		3E29F9C529F6BFD500B4C62D /* VideoView.swift in Sources */ = {isa = PBXBuildFile; fileRef = 3E29F9C429F6BFD500B4C62D /* VideoView.swift */; };
		3E29F9C729F6BFE300B4C62D /* GallaryView.swift in Sources */ = {isa = PBXBuildFile; fileRef = 3E29F9C629F6BFE300B4C62D /* GallaryView.swift */; };
		3E29F9C929F6BFF600B4C62D /* AppInfoView.swift in Sources */ = {isa = PBXBuildFile; fileRef = 3E29F9C829F6BFF600B4C62D /* AppInfoView.swift */; };
		3E29F9CB29F6D4F100B4C62D /* AnimalModel.swift in Sources */ = {isa = PBXBuildFile; fileRef = 3E29F9CA29F6D4F000B4C62D /* AnimalModel.swift */; };
		3E29F9CD29F6D68300B4C62D /* AnimalViewModel.swift in Sources */ = {isa = PBXBuildFile; fileRef = 3E29F9CC29F6D68300B4C62D /* AnimalViewModel.swift */; };
		3EE135AE29F7C76900395148 /* CoverImageView.swift in Sources */ = {isa = PBXBuildFile; fileRef = 3EE135AD29F7C76900395148 /* CoverImageView.swift */; };
		3EE135B029F7D0D800395148 /* AnimalListView.swift in Sources */ = {isa = PBXBuildFile; fileRef = 3EE135AF29F7D0D800395148 /* AnimalListView.swift */; };
		3EE135B229F7D7CD00395148 /* CreditView.swift in Sources */ = {isa = PBXBuildFile; fileRef = 3EE135B129F7D7CD00395148 /* CreditView.swift */; };
		3EE135B529F7FE8D00395148 /* DetailView.swift in Sources */ = {isa = PBXBuildFile; fileRef = 3EE135B429F7FE8D00395148 /* DetailView.swift */; };
		3EE135B729F801A600395148 /* DetailHead.swift in Sources */ = {isa = PBXBuildFile; fileRef = 3EE135B629F801A600395148 /* DetailHead.swift */; };
		3EE135B929F803B900395148 /* DetailGallery.swift in Sources */ = {isa = PBXBuildFile; fileRef = 3EE135B829F803B900395148 /* DetailGallery.swift */; };
		3EE135BB29F8069A00395148 /* DetailFact.swift in Sources */ = {isa = PBXBuildFile; fileRef = 3EE135BA29F8069A00395148 /* DetailFact.swift */; };
		3EE135BD29F8084800395148 /* ExternalWebLink.swift in Sources */ = {isa = PBXBuildFile; fileRef = 3EE135BC29F8084800395148 /* ExternalWebLink.swift */; };
		3EE135BF29F8B5A000395148 /* VideoListItem.swift in Sources */ = {isa = PBXBuildFile; fileRef = 3EE135BE29F8B5A000395148 /* VideoListItem.swift */; };
		3EE135C129F8B93500395148 /* VideoPlayerView.swift in Sources */ = {isa = PBXBuildFile; fileRef = 3EE135C029F8B93500395148 /* VideoPlayerView.swift */; };
		3EE135C329F8B9D600395148 /* YouTubeView.swift in Sources */ = {isa = PBXBuildFile; fileRef = 3EE135C229F8B9D600395148 /* YouTubeView.swift */; };
		3EE135C529F91A5B00395148 /* AppInfoLabel.swift in Sources */ = {isa = PBXBuildFile; fileRef = 3EE135C429F91A5B00395148 /* AppInfoLabel.swift */; };
		3EE135C729F9222E00395148 /* AppInfoContent.swift in Sources */ = {isa = PBXBuildFile; fileRef = 3EE135C629F9222E00395148 /* AppInfoContent.swift */; };
		3EE135C929F9520D00395148 /* AppCopyrightContent.swift in Sources */ = {isa = PBXBuildFile; fileRef = 3EE135C829F9520D00395148 /* AppCopyrightContent.swift */; };
/* End PBXBuildFile section */

/* Begin PBXFileReference section */
		3E29F99B29F67C3300B4C62D /* AnimalKR.app */ = {isa = PBXFileReference; explicitFileType = wrapper.application; includeInIndex = 0; path = AnimalKR.app; sourceTree = BUILT_PRODUCTS_DIR; };
		3E29F99E29F67C3300B4C62D /* AnimalKRApp.swift */ = {isa = PBXFileReference; lastKnownFileType = sourcecode.swift; path = AnimalKRApp.swift; sourceTree = "<group>"; };
		3E29F9A029F67C3300B4C62D /* ContentView.swift */ = {isa = PBXFileReference; lastKnownFileType = sourcecode.swift; path = ContentView.swift; sourceTree = "<group>"; };
		3E29F9A229F67C3500B4C62D /* Assets.xcassets */ = {isa = PBXFileReference; lastKnownFileType = folder.assetcatalog; path = Assets.xcassets; sourceTree = "<group>"; };
		3E29F9A529F67C3500B4C62D /* Preview Assets.xcassets */ = {isa = PBXFileReference; lastKnownFileType = folder.assetcatalog; path = "Preview Assets.xcassets"; sourceTree = "<group>"; };
		3E29F9B629F6807C00B4C62D /* animals.json */ = {isa = PBXFileReference; fileEncoding = 4; lastKnownFileType = text.json; path = animals.json; sourceTree = "<group>"; };
		3E29F9B729F6807C00B4C62D /* covers.json */ = {isa = PBXFileReference; fileEncoding = 4; lastKnownFileType = text.json; path = covers.json; sourceTree = "<group>"; };
		3E29F9B829F6807C00B4C62D /* videos.json */ = {isa = PBXFileReference; fileEncoding = 4; lastKnownFileType = text.json; path = videos.json; sourceTree = "<group>"; };
		3E29F9BC29F6855900B4C62D /* FrameExtension.swift */ = {isa = PBXFileReference; lastKnownFileType = sourcecode.swift; path = FrameExtension.swift; sourceTree = "<group>"; };
		3E29F9BE29F6B5AC00B4C62D /* JsonDecodeExtension.swift */ = {isa = PBXFileReference; lastKnownFileType = sourcecode.swift; path = JsonDecodeExtension.swift; sourceTree = "<group>"; };
		3E29F9C029F6BA8200B4C62D /* SplashView.swift */ = {isa = PBXFileReference; lastKnownFileType = sourcecode.swift; path = SplashView.swift; sourceTree = "<group>"; };
		3E29F9C229F6BB9000B4C62D /* HomeView.swift */ = {isa = PBXFileReference; lastKnownFileType = sourcecode.swift; path = HomeView.swift; sourceTree = "<group>"; };
		3E29F9C429F6BFD500B4C62D /* VideoView.swift */ = {isa = PBXFileReference; lastKnownFileType = sourcecode.swift; path = VideoView.swift; sourceTree = "<group>"; };
		3E29F9C629F6BFE300B4C62D /* GallaryView.swift */ = {isa = PBXFileReference; lastKnownFileType = sourcecode.swift; path = GallaryView.swift; sourceTree = "<group>"; };
		3E29F9C829F6BFF600B4C62D /* AppInfoView.swift */ = {isa = PBXFileReference; lastKnownFileType = sourcecode.swift; path = AppInfoView.swift; sourceTree = "<group>"; };
		3E29F9CA29F6D4F000B4C62D /* AnimalModel.swift */ = {isa = PBXFileReference; lastKnownFileType = sourcecode.swift; path = AnimalModel.swift; sourceTree = "<group>"; };
		3E29F9CC29F6D68300B4C62D /* AnimalViewModel.swift */ = {isa = PBXFileReference; lastKnownFileType = sourcecode.swift; path = AnimalViewModel.swift; sourceTree = "<group>"; };
		3EE135AD29F7C76900395148 /* CoverImageView.swift */ = {isa = PBXFileReference; lastKnownFileType = sourcecode.swift; path = CoverImageView.swift; sourceTree = "<group>"; };
		3EE135AF29F7D0D800395148 /* AnimalListView.swift */ = {isa = PBXFileReference; lastKnownFileType = sourcecode.swift; path = AnimalListView.swift; sourceTree = "<group>"; };
		3EE135B129F7D7CD00395148 /* CreditView.swift */ = {isa = PBXFileReference; lastKnownFileType = sourcecode.swift; path = CreditView.swift; sourceTree = "<group>"; };
		3EE135B429F7FE8D00395148 /* DetailView.swift */ = {isa = PBXFileReference; lastKnownFileType = sourcecode.swift; path = DetailView.swift; sourceTree = "<group>"; };
		3EE135B629F801A600395148 /* DetailHead.swift */ = {isa = PBXFileReference; lastKnownFileType = sourcecode.swift; path = DetailHead.swift; sourceTree = "<group>"; };
		3EE135B829F803B900395148 /* DetailGallery.swift */ = {isa = PBXFileReference; lastKnownFileType = sourcecode.swift; path = DetailGallery.swift; sourceTree = "<group>"; };
		3EE135BA29F8069A00395148 /* DetailFact.swift */ = {isa = PBXFileReference; lastKnownFileType = sourcecode.swift; path = DetailFact.swift; sourceTree = "<group>"; };
		3EE135BC29F8084800395148 /* ExternalWebLink.swift */ = {isa = PBXFileReference; lastKnownFileType = sourcecode.swift; path = ExternalWebLink.swift; sourceTree = "<group>"; };
		3EE135BE29F8B5A000395148 /* VideoListItem.swift */ = {isa = PBXFileReference; lastKnownFileType = sourcecode.swift; path = VideoListItem.swift; sourceTree = "<group>"; };
		3EE135C029F8B93500395148 /* VideoPlayerView.swift */ = {isa = PBXFileReference; lastKnownFileType = sourcecode.swift; path = VideoPlayerView.swift; sourceTree = "<group>"; };
		3EE135C229F8B9D600395148 /* YouTubeView.swift */ = {isa = PBXFileReference; lastKnownFileType = sourcecode.swift; path = YouTubeView.swift; sourceTree = "<group>"; };
		3EE135C429F91A5B00395148 /* AppInfoLabel.swift */ = {isa = PBXFileReference; lastKnownFileType = sourcecode.swift; path = AppInfoLabel.swift; sourceTree = "<group>"; };
		3EE135C629F9222E00395148 /* AppInfoContent.swift */ = {isa = PBXFileReference; lastKnownFileType = sourcecode.swift; path = AppInfoContent.swift; sourceTree = "<group>"; };
		3EE135C829F9520D00395148 /* AppCopyrightContent.swift */ = {isa = PBXFileReference; lastKnownFileType = sourcecode.swift; path = AppCopyrightContent.swift; sourceTree = "<group>"; };
/* End PBXFileReference section */

/* Begin PBXFrameworksBuildPhase section */
		3E29F99829F67C3300B4C62D /* Frameworks */ = {
			isa = PBXFrameworksBuildPhase;
			buildActionMask = 2147483647;
			files = (
			);
			runOnlyForDeploymentPostprocessing = 0;
		};
/* End PBXFrameworksBuildPhase section */

/* Begin PBXGroup section */
		3E29F99229F67C3300B4C62D = {
			isa = PBXGroup;
			children = (
				3E29F99D29F67C3300B4C62D /* AnimalKR */,
				3E29F99C29F67C3300B4C62D /* Products */,
			);
			sourceTree = "<group>";
		};
		3E29F99C29F67C3300B4C62D /* Products */ = {
			isa = PBXGroup;
			children = (
				3E29F99B29F67C3300B4C62D /* AnimalKR.app */,
			);
			name = Products;
			sourceTree = "<group>";
		};
		3E29F99D29F67C3300B4C62D /* AnimalKR */ = {
			isa = PBXGroup;
			children = (
				3E29F9B129F67D7700B4C62D /* App */,
				3E29F9B029F67D7100B4C62D /* Model */,
				3E29F9AF29F67D6900B4C62D /* ViewModel */,
				3E29F9AE29F67D6000B4C62D /* View */,
				3E29F9AD29F67CEC00B4C62D /* Extensions */,
				3E29F9AC29F67CE400B4C62D /* Data */,
				3E29F9A229F67C3500B4C62D /* Assets.xcassets */,
				3E29F9A429F67C3500B4C62D /* Preview Content */,
			);
			path = AnimalKR;
			sourceTree = "<group>";
		};
		3E29F9A429F67C3500B4C62D /* Preview Content */ = {
			isa = PBXGroup;
			children = (
				3E29F9A529F67C3500B4C62D /* Preview Assets.xcassets */,
			);
			path = "Preview Content";
			sourceTree = "<group>";
		};
		3E29F9AC29F67CE400B4C62D /* Data */ = {
			isa = PBXGroup;
			children = (
				3E29F9B629F6807C00B4C62D /* animals.json */,
				3E29F9B729F6807C00B4C62D /* covers.json */,
				3E29F9B829F6807C00B4C62D /* videos.json */,
			);
			path = Data;
			sourceTree = "<group>";
		};
		3E29F9AD29F67CEC00B4C62D /* Extensions */ = {
			isa = PBXGroup;
			children = (
				3E29F9BC29F6855900B4C62D /* FrameExtension.swift */,
				3E29F9BE29F6B5AC00B4C62D /* JsonDecodeExtension.swift */,
			);
			path = Extensions;
			sourceTree = "<group>";
		};
		3E29F9AE29F67D6000B4C62D /* View */ = {
			isa = PBXGroup;
			children = (
				3E29F9B529F67DCC00B4C62D /* ContentView */,
				3E29F9B429F67DC200B4C62D /* VideoView */,
				3E29F9B329F67DB000B4C62D /* GallaryView */,
				3E29F9B229F67DA600B4C62D /* AppInfo */,
			);
			path = View;
			sourceTree = "<group>";
		};
		3E29F9AF29F67D6900B4C62D /* ViewModel */ = {
			isa = PBXGroup;
			children = (
				3E29F9CC29F6D68300B4C62D /* AnimalViewModel.swift */,
			);
			path = ViewModel;
			sourceTree = "<group>";
		};
		3E29F9B029F67D7100B4C62D /* Model */ = {
			isa = PBXGroup;
			children = (
				3E29F9CA29F6D4F000B4C62D /* AnimalModel.swift */,
			);
			path = Model;
			sourceTree = "<group>";
		};
		3E29F9B129F67D7700B4C62D /* App */ = {
			isa = PBXGroup;
			children = (
				3E29F99E29F67C3300B4C62D /* AnimalKRApp.swift */,
				3E29F9C029F6BA8200B4C62D /* SplashView.swift */,
				3E29F9C229F6BB9000B4C62D /* HomeView.swift */,
			);
			path = App;
			sourceTree = "<group>";
		};
		3E29F9B229F67DA600B4C62D /* AppInfo */ = {
			isa = PBXGroup;
			children = (
				3E29F9C829F6BFF600B4C62D /* AppInfoView.swift */,
				3EE135C429F91A5B00395148 /* AppInfoLabel.swift */,
				3EE135C629F9222E00395148 /* AppInfoContent.swift */,
				3EE135C829F9520D00395148 /* AppCopyrightContent.swift */,
			);
			path = AppInfo;
			sourceTree = "<group>";
		};
		3E29F9B329F67DB000B4C62D /* GallaryView */ = {
			isa = PBXGroup;
			children = (
				3E29F9C629F6BFE300B4C62D /* GallaryView.swift */,
			);
			path = GallaryView;
			sourceTree = "<group>";
		};
		3E29F9B429F67DC200B4C62D /* VideoView */ = {
			isa = PBXGroup;
			children = (
				3E29F9C429F6BFD500B4C62D /* VideoView.swift */,
				3EE135BE29F8B5A000395148 /* VideoListItem.swift */,
				3EE135C029F8B93500395148 /* VideoPlayerView.swift */,
				3EE135C229F8B9D600395148 /* YouTubeView.swift */,
			);
			path = VideoView;
			sourceTree = "<group>";
		};
		3E29F9B529F67DCC00B4C62D /* ContentView */ = {
			isa = PBXGroup;
			children = (
				3E29F9A029F67C3300B4C62D /* ContentView.swift */,
				3EE135AD29F7C76900395148 /* CoverImageView.swift */,
				3EE135AF29F7D0D800395148 /* AnimalListView.swift */,
				3EE135B129F7D7CD00395148 /* CreditView.swift */,
				3EE135B329F7FE7400395148 /* DetailView */,
			);
			path = ContentView;
			sourceTree = "<group>";
		};
		3EE135B329F7FE7400395148 /* DetailView */ = {
			isa = PBXGroup;
			children = (
				3EE135B429F7FE8D00395148 /* DetailView.swift */,
				3EE135B629F801A600395148 /* DetailHead.swift */,
				3EE135B829F803B900395148 /* DetailGallery.swift */,
				3EE135BA29F8069A00395148 /* DetailFact.swift */,
				3EE135BC29F8084800395148 /* ExternalWebLink.swift */,
			);
			path = DetailView;
			sourceTree = "<group>";
		};
/* End PBXGroup section */

/* Begin PBXNativeTarget section */
		3E29F99A29F67C3300B4C62D /* AnimalKR */ = {
			isa = PBXNativeTarget;
			buildConfigurationList = 3E29F9A929F67C3500B4C62D /* Build configuration list for PBXNativeTarget "AnimalKR" */;
			buildPhases = (
				3E29F99729F67C3300B4C62D /* Sources */,
				3E29F99829F67C3300B4C62D /* Frameworks */,
				3E29F99929F67C3300B4C62D /* Resources */,
			);
			buildRules = (
			);
			dependencies = (
			);
			name = AnimalKR;
			productName = AnimalKR;
			productReference = 3E29F99B29F67C3300B4C62D /* AnimalKR.app */;
			productType = "com.apple.product-type.application";
		};
/* End PBXNativeTarget section */

/* Begin PBXProject section */
		3E29F99329F67C3300B4C62D /* Project object */ = {
			isa = PBXProject;
			attributes = {
				BuildIndependentTargetsInParallel = 1;
				LastSwiftUpdateCheck = 1430;
				LastUpgradeCheck = 1430;
				TargetAttributes = {
					3E29F99A29F67C3300B4C62D = {
						CreatedOnToolsVersion = 14.3;
					};
				};
			};
			buildConfigurationList = 3E29F99629F67C3300B4C62D /* Build configuration list for PBXProject "AnimalKR" */;
			compatibilityVersion = "Xcode 14.0";
			developmentRegion = en;
			hasScannedForEncodings = 0;
			knownRegions = (
				en,
				Base,
			);
			mainGroup = 3E29F99229F67C3300B4C62D;
			productRefGroup = 3E29F99C29F67C3300B4C62D /* Products */;
			projectDirPath = "";
			projectRoot = "";
			targets = (
				3E29F99A29F67C3300B4C62D /* AnimalKR */,
			);
		};
/* End PBXProject section */

/* Begin PBXResourcesBuildPhase section */
		3E29F99929F67C3300B4C62D /* Resources */ = {
			isa = PBXResourcesBuildPhase;
			buildActionMask = 2147483647;
			files = (
				3E29F9B929F6807C00B4C62D /* animals.json in Resources */,
				3E29F9BA29F6807C00B4C62D /* covers.json in Resources */,
				3E29F9BB29F6807C00B4C62D /* videos.json in Resources */,
				3E29F9A629F67C3500B4C62D /* Preview Assets.xcassets in Resources */,
				3E29F9A329F67C3500B4C62D /* Assets.xcassets in Resources */,
			);
			runOnlyForDeploymentPostprocessing = 0;
		};
/* End PBXResourcesBuildPhase section */

/* Begin PBXSourcesBuildPhase section */
		3E29F99729F67C3300B4C62D /* Sources */ = {
			isa = PBXSourcesBuildPhase;
			buildActionMask = 2147483647;
			files = (
				3EE135BF29F8B5A000395148 /* VideoListItem.swift in Sources */,
				3EE135B729F801A600395148 /* DetailHead.swift in Sources */,
				3EE135C529F91A5B00395148 /* AppInfoLabel.swift in Sources */,
				3E29F9A129F67C3300B4C62D /* ContentView.swift in Sources */,
				3E29F9CB29F6D4F100B4C62D /* AnimalModel.swift in Sources */,
				3E29F9C529F6BFD500B4C62D /* VideoView.swift in Sources */,
				3E29F99F29F67C3300B4C62D /* AnimalKRApp.swift in Sources */,
				3EE135AE29F7C76900395148 /* CoverImageView.swift in Sources */,
				3E29F9C929F6BFF600B4C62D /* AppInfoView.swift in Sources */,
				3EE135BD29F8084800395148 /* ExternalWebLink.swift in Sources */,
				3E29F9CD29F6D68300B4C62D /* AnimalViewModel.swift in Sources */,
				3E29F9C729F6BFE300B4C62D /* GallaryView.swift in Sources */,
				3E29F9C129F6BA8200B4C62D /* SplashView.swift in Sources */,
				3E29F9C329F6BB9000B4C62D /* HomeView.swift in Sources */,
				3E29F9BD29F6855900B4C62D /* FrameExtension.swift in Sources */,
				3EE135B029F7D0D800395148 /* AnimalListView.swift in Sources */,
				3E29F9BF29F6B5AC00B4C62D /* JsonDecodeExtension.swift in Sources */,
				3EE135C929F9520D00395148 /* AppCopyrightContent.swift in Sources */,
				3EE135C329F8B9D600395148 /* YouTubeView.swift in Sources */,
				3EE135BB29F8069A00395148 /* DetailFact.swift in Sources */,
				3EE135B929F803B900395148 /* DetailGallery.swift in Sources */,
				3EE135B529F7FE8D00395148 /* DetailView.swift in Sources */,
				3EE135B229F7D7CD00395148 /* CreditView.swift in Sources */,
				3EE135C129F8B93500395148 /* VideoPlayerView.swift in Sources */,
				3EE135C729F9222E00395148 /* AppInfoContent.swift in Sources */,
			);
			runOnlyForDeploymentPostprocessing = 0;
		};
/* End PBXSourcesBuildPhase section */

/* Begin XCBuildConfiguration section */
		3E29F9A729F67C3500B4C62D /* Debug */ = {
			isa = XCBuildConfiguration;
			buildSettings = {
				ALWAYS_SEARCH_USER_PATHS = NO;
				CLANG_ANALYZER_NONNULL = YES;
				CLANG_ANALYZER_NUMBER_OBJECT_CONVERSION = YES_AGGRESSIVE;
				CLANG_CXX_LANGUAGE_STANDARD = "gnu++20";
				CLANG_ENABLE_MODULES = YES;
				CLANG_ENABLE_OBJC_ARC = YES;
				CLANG_ENABLE_OBJC_WEAK = YES;
				CLANG_WARN_BLOCK_CAPTURE_AUTORELEASING = YES;
				CLANG_WARN_BOOL_CONVERSION = YES;
				CLANG_WARN_COMMA = YES;
				CLANG_WARN_CONSTANT_CONVERSION = YES;
				CLANG_WARN_DEPRECATED_OBJC_IMPLEMENTATIONS = YES;
				CLANG_WARN_DIRECT_OBJC_ISA_USAGE = YES_ERROR;
				CLANG_WARN_DOCUMENTATION_COMMENTS = YES;
				CLANG_WARN_EMPTY_BODY = YES;
				CLANG_WARN_ENUM_CONVERSION = YES;
				CLANG_WARN_INFINITE_RECURSION = YES;
				CLANG_WARN_INT_CONVERSION = YES;
				CLANG_WARN_NON_LITERAL_NULL_CONVERSION = YES;
				CLANG_WARN_OBJC_IMPLICIT_RETAIN_SELF = YES;
				CLANG_WARN_OBJC_LITERAL_CONVERSION = YES;
				CLANG_WARN_OBJC_ROOT_CLASS = YES_ERROR;
				CLANG_WARN_QUOTED_INCLUDE_IN_FRAMEWORK_HEADER = YES;
				CLANG_WARN_RANGE_LOOP_ANALYSIS = YES;
				CLANG_WARN_STRICT_PROTOTYPES = YES;
				CLANG_WARN_SUSPICIOUS_MOVE = YES;
				CLANG_WARN_UNGUARDED_AVAILABILITY = YES_AGGRESSIVE;
				CLANG_WARN_UNREACHABLE_CODE = YES;
				CLANG_WARN__DUPLICATE_METHOD_MATCH = YES;
				COPY_PHASE_STRIP = NO;
				DEBUG_INFORMATION_FORMAT = dwarf;
				ENABLE_STRICT_OBJC_MSGSEND = YES;
				ENABLE_TESTABILITY = YES;
				GCC_C_LANGUAGE_STANDARD = gnu11;
				GCC_DYNAMIC_NO_PIC = NO;
				GCC_NO_COMMON_BLOCKS = YES;
				GCC_OPTIMIZATION_LEVEL = 0;
				GCC_PREPROCESSOR_DEFINITIONS = (
					"DEBUG=1",
					"$(inherited)",
				);
				GCC_WARN_64_TO_32_BIT_CONVERSION = YES;
				GCC_WARN_ABOUT_RETURN_TYPE = YES_ERROR;
				GCC_WARN_UNDECLARED_SELECTOR = YES;
				GCC_WARN_UNINITIALIZED_AUTOS = YES_AGGRESSIVE;
				GCC_WARN_UNUSED_FUNCTION = YES;
				GCC_WARN_UNUSED_VARIABLE = YES;
				IPHONEOS_DEPLOYMENT_TARGET = 16.4;
				MTL_ENABLE_DEBUG_INFO = INCLUDE_SOURCE;
				MTL_FAST_MATH = YES;
				ONLY_ACTIVE_ARCH = YES;
				SDKROOT = iphoneos;
				SWIFT_ACTIVE_COMPILATION_CONDITIONS = DEBUG;
				SWIFT_OPTIMIZATION_LEVEL = "-Onone";
			};
			name = Debug;
		};
		3E29F9A829F67C3500B4C62D /* Release */ = {
			isa = XCBuildConfiguration;
			buildSettings = {
				ALWAYS_SEARCH_USER_PATHS = NO;
				CLANG_ANALYZER_NONNULL = YES;
				CLANG_ANALYZER_NUMBER_OBJECT_CONVERSION = YES_AGGRESSIVE;
				CLANG_CXX_LANGUAGE_STANDARD = "gnu++20";
				CLANG_ENABLE_MODULES = YES;
				CLANG_ENABLE_OBJC_ARC = YES;
				CLANG_ENABLE_OBJC_WEAK = YES;
				CLANG_WARN_BLOCK_CAPTURE_AUTORELEASING = YES;
				CLANG_WARN_BOOL_CONVERSION = YES;
				CLANG_WARN_COMMA = YES;
				CLANG_WARN_CONSTANT_CONVERSION = YES;
				CLANG_WARN_DEPRECATED_OBJC_IMPLEMENTATIONS = YES;
				CLANG_WARN_DIRECT_OBJC_ISA_USAGE = YES_ERROR;
				CLANG_WARN_DOCUMENTATION_COMMENTS = YES;
				CLANG_WARN_EMPTY_BODY = YES;
				CLANG_WARN_ENUM_CONVERSION = YES;
				CLANG_WARN_INFINITE_RECURSION = YES;
				CLANG_WARN_INT_CONVERSION = YES;
				CLANG_WARN_NON_LITERAL_NULL_CONVERSION = YES;
				CLANG_WARN_OBJC_IMPLICIT_RETAIN_SELF = YES;
				CLANG_WARN_OBJC_LITERAL_CONVERSION = YES;
				CLANG_WARN_OBJC_ROOT_CLASS = YES_ERROR;
				CLANG_WARN_QUOTED_INCLUDE_IN_FRAMEWORK_HEADER = YES;
				CLANG_WARN_RANGE_LOOP_ANALYSIS = YES;
				CLANG_WARN_STRICT_PROTOTYPES = YES;
				CLANG_WARN_SUSPICIOUS_MOVE = YES;
				CLANG_WARN_UNGUARDED_AVAILABILITY = YES_AGGRESSIVE;
				CLANG_WARN_UNREACHABLE_CODE = YES;
				CLANG_WARN__DUPLICATE_METHOD_MATCH = YES;
				COPY_PHASE_STRIP = NO;
				DEBUG_INFORMATION_FORMAT = "dwarf-with-dsym";
				ENABLE_NS_ASSERTIONS = NO;
				ENABLE_STRICT_OBJC_MSGSEND = YES;
				GCC_C_LANGUAGE_STANDARD = gnu11;
				GCC_NO_COMMON_BLOCKS = YES;
				GCC_WARN_64_TO_32_BIT_CONVERSION = YES;
				GCC_WARN_ABOUT_RETURN_TYPE = YES_ERROR;
				GCC_WARN_UNDECLARED_SELECTOR = YES;
				GCC_WARN_UNINITIALIZED_AUTOS = YES_AGGRESSIVE;
				GCC_WARN_UNUSED_FUNCTION = YES;
				GCC_WARN_UNUSED_VARIABLE = YES;
				IPHONEOS_DEPLOYMENT_TARGET = 16.4;
				MTL_ENABLE_DEBUG_INFO = NO;
				MTL_FAST_MATH = YES;
				SDKROOT = iphoneos;
				SWIFT_COMPILATION_MODE = wholemodule;
				SWIFT_OPTIMIZATION_LEVEL = "-O";
				VALIDATE_PRODUCT = YES;
			};
			name = Release;
		};
		3E29F9AA29F67C3500B4C62D /* Debug */ = {
			isa = XCBuildConfiguration;
			buildSettings = {
				ASSETCATALOG_COMPILER_APPICON_NAME = AppIcon;
				ASSETCATALOG_COMPILER_GLOBAL_ACCENT_COLOR_NAME = AccentColor;
				CODE_SIGN_STYLE = Automatic;
				CURRENT_PROJECT_VERSION = 1;
				DEVELOPMENT_ASSET_PATHS = "\"AnimalKR/Preview Content\"";
				DEVELOPMENT_TEAM = GZMCL5Q7N2;
				ENABLE_PREVIEWS = YES;
				GENERATE_INFOPLIST_FILE = YES;
				INFOPLIST_KEY_UIApplicationSceneManifest_Generation = YES;
				INFOPLIST_KEY_UIApplicationSupportsIndirectInputEvents = YES;
				INFOPLIST_KEY_UILaunchScreen_Generation = YES;
				INFOPLIST_KEY_UISupportedInterfaceOrientations_iPad = "UIInterfaceOrientationPortrait UIInterfaceOrientationPortraitUpsideDown UIInterfaceOrientationLandscapeLeft UIInterfaceOrientationLandscapeRight";
				INFOPLIST_KEY_UISupportedInterfaceOrientations_iPhone = "UIInterfaceOrientationPortrait UIInterfaceOrientationLandscapeLeft UIInterfaceOrientationLandscapeRight";
				INFOPLIST_KEY_UIUserInterfaceStyle = Dark;
				IPHONEOS_DEPLOYMENT_TARGET = 14.0;
				LD_RUNPATH_SEARCH_PATHS = (
					"$(inherited)",
					"@executable_path/Frameworks",
				);
				MARKETING_VERSION = 1.0;
				PRODUCT_BUNDLE_IDENTIFIER = com.bokyung.AnimalKR;
				PRODUCT_NAME = "$(TARGET_NAME)";
				SUPPORTED_PLATFORMS = "iphoneos iphonesimulator";
				SUPPORTS_MACCATALYST = NO;
				SUPPORTS_MAC_DESIGNED_FOR_IPHONE_IPAD = NO;
				SWIFT_EMIT_LOC_STRINGS = YES;
				SWIFT_VERSION = 5.0;
				TARGETED_DEVICE_FAMILY = 1;
			};
			name = Debug;
		};
		3E29F9AB29F67C3500B4C62D /* Release */ = {
			isa = XCBuildConfiguration;
			buildSettings = {
				ASSETCATALOG_COMPILER_APPICON_NAME = AppIcon;
				ASSETCATALOG_COMPILER_GLOBAL_ACCENT_COLOR_NAME = AccentColor;
				CODE_SIGN_STYLE = Automatic;
				CURRENT_PROJECT_VERSION = 1;
				DEVELOPMENT_ASSET_PATHS = "\"AnimalKR/Preview Content\"";
				DEVELOPMENT_TEAM = GZMCL5Q7N2;
				ENABLE_PREVIEWS = YES;
				GENERATE_INFOPLIST_FILE = YES;
				INFOPLIST_KEY_UIApplicationSceneManifest_Generation = YES;
				INFOPLIST_KEY_UIApplicationSupportsIndirectInputEvents = YES;
				INFOPLIST_KEY_UILaunchScreen_Generation = YES;
				INFOPLIST_KEY_UISupportedInterfaceOrientations_iPad = "UIInterfaceOrientationPortrait UIInterfaceOrientationPortraitUpsideDown UIInterfaceOrientationLandscapeLeft UIInterfaceOrientationLandscapeRight";
				INFOPLIST_KEY_UISupportedInterfaceOrientations_iPhone = "UIInterfaceOrientationPortrait UIInterfaceOrientationLandscapeLeft UIInterfaceOrientationLandscapeRight";
				INFOPLIST_KEY_UIUserInterfaceStyle = Dark;
				IPHONEOS_DEPLOYMENT_TARGET = 14.0;
				LD_RUNPATH_SEARCH_PATHS = (
					"$(inherited)",
					"@executable_path/Frameworks",
				);
				MARKETING_VERSION = 1.0;
				PRODUCT_BUNDLE_IDENTIFIER = com.bokyung.AnimalKR;
				PRODUCT_NAME = "$(TARGET_NAME)";
				SUPPORTED_PLATFORMS = "iphoneos iphonesimulator";
				SUPPORTS_MACCATALYST = NO;
				SUPPORTS_MAC_DESIGNED_FOR_IPHONE_IPAD = NO;
				SWIFT_EMIT_LOC_STRINGS = YES;
				SWIFT_VERSION = 5.0;
				TARGETED_DEVICE_FAMILY = 1;
			};
			name = Release;
		};
/* End XCBuildConfiguration section */

/* Begin XCConfigurationList section */
		3E29F99629F67C3300B4C62D /* Build configuration list for PBXProject "AnimalKR" */ = {
			isa = XCConfigurationList;
			buildConfigurations = (
				3E29F9A729F67C3500B4C62D /* Debug */,
				3E29F9A829F67C3500B4C62D /* Release */,
			);
			defaultConfigurationIsVisible = 0;
			defaultConfigurationName = Release;
		};
		3E29F9A929F67C3500B4C62D /* Build configuration list for PBXNativeTarget "AnimalKR" */ = {
			isa = XCConfigurationList;
			buildConfigurations = (
				3E29F9AA29F67C3500B4C62D /* Debug */,
				3E29F9AB29F67C3500B4C62D /* Release */,
			);
			defaultConfigurationIsVisible = 0;
			defaultConfigurationName = Release;
		};
/* End XCConfigurationList section */
	};
	rootObject = 3E29F99329F67C3300B4C62D /* Project object */;
}
